Microsoft Visual Studio Solution File, Format Version 12.00
# Visual Studio 15
VisualStudioVersion = 15.0.27703.2026
MinimumVisualStudioVersion = 10.0.40219.1
Project("{8BC9CEB8-8B4A-11D0-8D11-00A0C91BC942}") = "DirServ", "DirServ\DirServ.vcxproj", "{CEE0E1AE-05E0-4D48-9C7C-FAD66D97E764}"
EndProject
Project("{8BC9CEB8-8B4A-11D0-8D11-00A0C91BC942}") = "EudoraBk", "EudoraBk\EudoraBk.vcxproj", "{37493A6E-91FD-4EF3-BA8D-4CFCBAAE8144}"
EndProject
Project("{8BC9CEB8-8B4A-11D0-8D11-00A0C91BC942}") = "ISock", "ISock\ISock.vcxproj", "{4E762643-D54C-4565-92AB-4BE659EB457C}"
EndProject
Project("{8BC9CEB8-8B4A-11D0-8D11-00A0C91BC942}") = "LDAP", "LDAP\Ldap.vcxproj", "{3002115E-31C3-4E8A-836A-6C38CE9EAD59}"
EndProject
Project("{8BC9CEB8-8B4A-11D0-8D11-00A0C91BC942}") = "Ph", "Ph\Ph.vcxproj", "{5B1367F2-7BF5-4E2A-9962-A677D23A64B1}"
EndProject
Global
	GlobalSection(SolutionConfigurationPlatforms) = preSolution
		Debug|x86 = Debug|x86
		Release|x86 = Release|x86
	EndGlobalSection
	GlobalSection(ProjectConfigurationPlatforms) = postSolution
		{CEE0E1AE-05E0-4D48-9C7C-FAD66D97E764}.Debug|x86.ActiveCfg = Debug|Win32
		{CEE0E1AE-05E0-4D48-9C7C-FAD66D97E764}.Debug|x86.Build.0 = Debug|Win32
		{CEE0E1AE-05E0-4D48-9C7C-FAD66D97E764}.Release|x86.ActiveCfg = Release|Win32
		{CEE0E1AE-05E0-4D48-9C7C-FAD66D97E764}.Release|x86.Build.0 = Release|Win32
		{37493A6E-91FD-4EF3-BA8D-4CFCBAAE8144}.Debug|x86.ActiveCfg = Debug|Win32
		{37493A6E-91FD-4EF3-BA8D-4CFCBAAE8144}.Debug|x86.Build.0 = Debug|Win32
		{37493A6E-91FD-4EF3-BA8D-4CFCBAAE8144}.Release|x86.ActiveCfg = Release|Win32
		{37493A6E-91FD-4EF3-BA8D-4CFCBAAE8144}.Release|x86.Build.0 = Release|Win32
		{4E762643-D54C-4565-92AB-4BE659EB457C}.Debug|x86.ActiveCfg = Debug|Win32
		{4E762643-D54C-4565-92AB-4BE659EB457C}.Debug|x86.Build.0 = Debug|Win32
		{4E762643-D54C-4565-92AB-4BE659EB457C}.Release|x86.ActiveCfg = Release|Win32
		{4E762643-D54C-4565-92AB-4BE659EB457C}.Release|x86.Build.0 = Release|Win32
		{3002115E-31C3-4E8A-836A-6C38CE9EAD59}.Debug|x86.ActiveCfg = Debug|Win32
		{3002115E-31C3-4E8A-836A-6C38CE9EAD59}.Debug|x86.Build.0 = Debug|Win32
		{3002115E-31C3-4E8A-836A-6C38CE9EAD59}.Release|x86.ActiveCfg = Release|Win32
		{3002115E-31C3-4E8A-836A-6C38CE9EAD59}.Release|x86.Build.0 = Release|Win32
		{5B1367F2-7BF5-4E2A-9962-A677D23A64B1}.Debug|x86.ActiveCfg = Debug|Win32
		{5B1367F2-7BF5-4E2A-9962-A677D23A64B1}.Debug|x86.Build.0 = Debug|Win32
		{5B1367F2-7BF5-4E2A-9962-A677D23A64B1}.Release|x86.ActiveCfg = Release|Win32
		{5B1367F2-7BF5-4E2A-9962-A677D23A64B1}.Release|x86.Build.0 = Release|Win32
	EndGlobalSection
	GlobalSection(SolutionProperties) = preSolution
		HideSolutionNode = FALSE
	EndGlobalSection
	GlobalSection(ExtensibilityGlobals) = postSolution
		SolutionGuid = {ECA1A984-55CF-44FF-855A-12A13582312D}
	EndGlobalSection
EndGlobal
