Microsoft Visual Studio Solution File, Format Version 12.00
# Visual Studio 15
VisualStudioVersion = 15.0.27703.2026
MinimumVisualStudioVersion = 10.0.40219.1
Project("{8BC9CEB8-8B4A-11D0-8D11-00A0C91BC942}") = "Esoteric", "Esoteric.vcxproj", "{655EEB79-E14E-4807-9270-D8CAE1A6D503}"
EndProject
Global
	GlobalSection(SolutionConfigurationPlatforms) = preSolution
		Debug|x86 = Debug|x86
		Release|x86 = Release|x86
	EndGlobalSection
	GlobalSection(ProjectConfigurationPlatforms) = postSolution
		{655EEB79-E14E-4807-9270-D8CAE1A6D503}.Debug|x86.ActiveCfg = Release|Win32
		{655EEB79-E14E-4807-9270-D8CAE1A6D503}.Debug|x86.Build.0 = Release|Win32
		{655EEB79-E14E-4807-9270-D8CAE1A6D503}.Release|x86.ActiveCfg = Release|Win32
		{655EEB79-E14E-4807-9270-D8CAE1A6D503}.Release|x86.Build.0 = Release|Win32
	EndGlobalSection
	GlobalSection(SolutionProperties) = preSolution
		HideSolutionNode = FALSE
	EndGlobalSection
	GlobalSection(ExtensibilityGlobals) = postSolution
		SolutionGuid = {DB164463-C643-42FE-BFF8-3ACA4797472C}
	EndGlobalSection
EndGlobal
